
Microsoft Visual Studio Solution File, Format Version 12.00
# Visual Studio Version 16
VisualStudioVersion = 16.0.29215.179
MinimumVisualStudioVersion = 10.0.40219.1
Project("{FAE04EC0-301F-11D3-BF4B-00C04F79EFBC}") = "HelloWorld", "HelloWorld.csproj", "{A5098C14-A93C-4CD7-9E26-963CD7974E15}"
EndProject
Global
	GlobalSection(SolutionConfigurationPlatforms) = preSolution
		Debug|Any CPU = Debug|Any CPU
		Release|Any CPU = Release|Any CPU
	EndGlobalSection
	GlobalSection(ProjectConfigurationPlatforms) = postSolution
		{A5098C14-A93C-4CD7-9E26-963CD7974E15}.Debug|Any CPU.ActiveCfg = Debug|Any CPU
		{A5098C14-A93C-4CD7-9E26-963CD7974E15}.Debug|Any CPU.Build.0 = Debug|Any CPU
		{A5098C14-A93C-4CD7-9E26-963CD7974E15}.Release|Any CPU.ActiveCfg = Release|Any CPU
		{A5098C14-A93C-4CD7-9E26-963CD7974E15}.Release|Any CPU.Build.0 = Release|Any CPU
	EndGlobalSection
	GlobalSection(SolutionProperties) = preSolution
		HideSolutionNode = FALSE
	EndGlobalSection
	GlobalSection(ExtensibilityGlobals) = postSolution
		SolutionGuid = {170208F7-9FBD-4A91-9A1A-1587CBDEE272}
	EndGlobalSection
EndGlobal
